
Microsoft Visual Studio Solution File, Format Version 12.00
# Visual Studio 2015
Project("{FAE04EC0-301F-11D3-BF4B-00C04F79EFBC}") = "Planetary Defense.CSharp", "Planetary Defense.CSharp.csproj", "{B8E36E2E-0EB2-45BF-306F-98DD2F0AA643}"
EndProject
Global
	GlobalSection(SolutionConfigurationPlatforms) = preSolution
		Debug|Any CPU = Debug|Any CPU
		Release|Any CPU = Release|Any CPU
	EndGlobalSection
	GlobalSection(ProjectConfigurationPlatforms) = postSolution
		{B8E36E2E-0EB2-45BF-306F-98DD2F0AA643}.Debug|Any CPU.ActiveCfg = Debug|Any CPU
		{B8E36E2E-0EB2-45BF-306F-98DD2F0AA643}.Debug|Any CPU.Build.0 = Debug|Any CPU
		{B8E36E2E-0EB2-45BF-306F-98DD2F0AA643}.Release|Any CPU.ActiveCfg = Release|Any CPU
		{B8E36E2E-0EB2-45BF-306F-98DD2F0AA643}.Release|Any CPU.Build.0 = Release|Any CPU
	EndGlobalSection
	GlobalSection(SolutionProperties) = preSolution
		HideSolutionNode = FALSE
	EndGlobalSection
EndGlobal
